
Microsoft Visual Studio Solution File, Format Version 9.00
# Visual Studio 2005
Project("{FAE04EC0-301F-11D3-BF4B-00C04F79EFBC}") = "Amundsen.Utilities", "..\Amundsen.Utilities\Amundsen.Utilities.csproj", "{6BDCA8ED-AF71-4084-8D5C-654CFEE70B98}"
EndProject
Project("{FAE04EC0-301F-11D3-BF4B-00C04F79EFBC}") = "FullMethodSet", "FullMethodSet\FullMethodSet.csproj", "{482489E1-65FB-4E71-8BA5-E1829D0A6D3F}"
EndProject
Global
	GlobalSection(SolutionConfigurationPlatforms) = preSolution
		Debug|Any CPU = Debug|Any CPU
		Release|Any CPU = Release|Any CPU
	EndGlobalSection
	GlobalSection(ProjectConfigurationPlatforms) = postSolution
		{6BDCA8ED-AF71-4084-8D5C-654CFEE70B98}.Debug|Any CPU.ActiveCfg = Debug|Any CPU
		{6BDCA8ED-AF71-4084-8D5C-654CFEE70B98}.Debug|Any CPU.Build.0 = Debug|Any CPU
		{6BDCA8ED-AF71-4084-8D5C-654CFEE70B98}.Release|Any CPU.ActiveCfg = Release|Any CPU
		{6BDCA8ED-AF71-4084-8D5C-654CFEE70B98}.Release|Any CPU.Build.0 = Release|Any CPU
		{482489E1-65FB-4E71-8BA5-E1829D0A6D3F}.Debug|Any CPU.ActiveCfg = Debug|Any CPU
		{482489E1-65FB-4E71-8BA5-E1829D0A6D3F}.Debug|Any CPU.Build.0 = Debug|Any CPU
		{482489E1-65FB-4E71-8BA5-E1829D0A6D3F}.Release|Any CPU.ActiveCfg = Release|Any CPU
		{482489E1-65FB-4E71-8BA5-E1829D0A6D3F}.Release|Any CPU.Build.0 = Release|Any CPU
	EndGlobalSection
	GlobalSection(SolutionProperties) = preSolution
		HideSolutionNode = FALSE
	EndGlobalSection
EndGlobal
